
Microsoft Visual Studio Solution File, Format Version 12.00
# Visual Studio Version 17
VisualStudioVersion = 17.6.33829.357
MinimumVisualStudioVersion = 10.0.40219.1
Project("{888888A0-9F3D-457C-B088-3A5042F75D52}") = "guessing game", "guessing game.pyproj", "{012568C4-CEDA-418E-BDFD-9F56FAD275A4}"
EndProject
Global
	GlobalSection(SolutionConfigurationPlatforms) = preSolution
		Debug|Any CPU = Debug|Any CPU
		Release|Any CPU = Release|Any CPU
	EndGlobalSection
	GlobalSection(ProjectConfigurationPlatforms) = postSolution
		{012568C4-CEDA-418E-BDFD-9F56FAD275A4}.Debug|Any CPU.ActiveCfg = Debug|Any CPU
		{012568C4-CEDA-418E-BDFD-9F56FAD275A4}.Release|Any CPU.ActiveCfg = Release|Any CPU
	EndGlobalSection
	GlobalSection(SolutionProperties) = preSolution
		HideSolutionNode = FALSE
	EndGlobalSection
	GlobalSection(ExtensibilityGlobals) = postSolution
		SolutionGuid = {8CF09AB9-32D0-4733-B259-627F4BFBDC38}
	EndGlobalSection
EndGlobal
